
Microsoft Visual Studio Solution File, Format Version 12.00
# Visual Studio Version 16
VisualStudioVersion = 16.0.28922.388
MinimumVisualStudioVersion = 10.0.40219.1
Project("{2150E333-8FDC-42A3-9474-1A3956D46DE8}") = "Solution Items", "Solution Items", "{A5991628-1E5C-472E-A176-68D96221BB54}"
	ProjectSection(SolutionItems) = preProject
		README.md = README.md
	EndProjectSection
EndProject
Project("{9A19103F-16F7-4668-BE54-9A1E7A4F7556}") = "Forum", "Forum\Forum.csproj", "{AB34A263-BB31-4C92-92A5-715DAEC280F8}"
EndProject
Project("{9A19103F-16F7-4668-BE54-9A1E7A4F7556}") = "Contracts", "Contracts\Contracts.csproj", "{B6704542-27FA-4594-9F00-1D50A471BC1C}"
EndProject
Project("{9A19103F-16F7-4668-BE54-9A1E7A4F7556}") = "Core", "Core\Core.csproj", "{A0642E61-E75E-47E1-88D8-79EB58121391}"
EndProject
Project("{9A19103F-16F7-4668-BE54-9A1E7A4F7556}") = "Data", "Data\Data.csproj", "{E14254E7-E2AA-44A3-9B78-E9A44703EBD1}"
EndProject
Project("{9A19103F-16F7-4668-BE54-9A1E7A4F7556}") = "ExternalClients", "ExternalClients\ExternalClients.csproj", "{C7A13DB0-BA48-44CC-86D1-1270410F352C}"
EndProject
Global
	GlobalSection(SolutionConfigurationPlatforms) = preSolution
		Debug|Any CPU = Debug|Any CPU
		Release|Any CPU = Release|Any CPU
	EndGlobalSection
	GlobalSection(ProjectConfigurationPlatforms) = postSolution
		{AB34A263-BB31-4C92-92A5-715DAEC280F8}.Debug|Any CPU.ActiveCfg = Debug|Any CPU
		{AB34A263-BB31-4C92-92A5-715DAEC280F8}.Debug|Any CPU.Build.0 = Debug|Any CPU
		{AB34A263-BB31-4C92-92A5-715DAEC280F8}.Release|Any CPU.ActiveCfg = Release|Any CPU
		{AB34A263-BB31-4C92-92A5-715DAEC280F8}.Release|Any CPU.Build.0 = Release|Any CPU
		{B6704542-27FA-4594-9F00-1D50A471BC1C}.Debug|Any CPU.ActiveCfg = Debug|Any CPU
		{B6704542-27FA-4594-9F00-1D50A471BC1C}.Debug|Any CPU.Build.0 = Debug|Any CPU
		{B6704542-27FA-4594-9F00-1D50A471BC1C}.Release|Any CPU.ActiveCfg = Release|Any CPU
		{B6704542-27FA-4594-9F00-1D50A471BC1C}.Release|Any CPU.Build.0 = Release|Any CPU
		{A0642E61-E75E-47E1-88D8-79EB58121391}.Debug|Any CPU.ActiveCfg = Debug|Any CPU
		{A0642E61-E75E-47E1-88D8-79EB58121391}.Debug|Any CPU.Build.0 = Debug|Any CPU
		{A0642E61-E75E-47E1-88D8-79EB58121391}.Release|Any CPU.ActiveCfg = Release|Any CPU
		{A0642E61-E75E-47E1-88D8-79EB58121391}.Release|Any CPU.Build.0 = Release|Any CPU
		{E14254E7-E2AA-44A3-9B78-E9A44703EBD1}.Debug|Any CPU.ActiveCfg = Debug|Any CPU
		{E14254E7-E2AA-44A3-9B78-E9A44703EBD1}.Debug|Any CPU.Build.0 = Debug|Any CPU
		{E14254E7-E2AA-44A3-9B78-E9A44703EBD1}.Release|Any CPU.ActiveCfg = Release|Any CPU
		{E14254E7-E2AA-44A3-9B78-E9A44703EBD1}.Release|Any CPU.Build.0 = Release|Any CPU
		{C7A13DB0-BA48-44CC-86D1-1270410F352C}.Debug|Any CPU.ActiveCfg = Debug|Any CPU
		{C7A13DB0-BA48-44CC-86D1-1270410F352C}.Debug|Any CPU.Build.0 = Debug|Any CPU
		{C7A13DB0-BA48-44CC-86D1-1270410F352C}.Release|Any CPU.ActiveCfg = Release|Any CPU
		{C7A13DB0-BA48-44CC-86D1-1270410F352C}.Release|Any CPU.Build.0 = Release|Any CPU
	EndGlobalSection
	GlobalSection(SolutionProperties) = preSolution
		HideSolutionNode = FALSE
	EndGlobalSection
	GlobalSection(ExtensibilityGlobals) = postSolution
		SolutionGuid = {40CD3939-6887-4D27-A933-B19F79DE2CD2}
	EndGlobalSection
EndGlobal
