
Microsoft Visual Studio Solution File, Format Version 12.00
# Visual Studio Version 16
VisualStudioVersion = 16.0.28922.388
MinimumVisualStudioVersion = 10.0.40219.1
Project("{2150E333-8FDC-42A3-9474-1A3956D46DE8}") = "Solution Items", "Solution Items", "{A5991628-1E5C-472E-A176-68D96221BB54}"
	ProjectSection(SolutionItems) = preProject
		README.md = README.md
	EndProjectSection
EndProject
Project("{9A19103F-16F7-4668-BE54-9A1E7A4F7556}") = "Forum", "Forum\Forum.csproj", "{AB34A263-BB31-4C92-92A5-715DAEC280F8}"
EndProject
Project("{FAE04EC0-301F-11D3-BF4B-00C04F79EFBC}") = "Contracts", "Contracts\Contracts.csproj", "{B6704542-27FA-4594-9F00-1D50A471BC1C}"
EndProject
Project("{FAE04EC0-301F-11D3-BF4B-00C04F79EFBC}") = "Core", "Core\Core.csproj", "{A0642E61-E75E-47E1-88D8-79EB58121391}"
EndProject
Project("{2150E333-8FDC-42A3-9474-1A3956D46DE8}") = "ExternalClients", "ExternalClients", "{08E2F256-D19F-4962-B97E-A1B824AE562E}"
EndProject
Project("{9A19103F-16F7-4668-BE54-9A1E7A4F7556}") = "Imgur", "Imgur\Imgur.csproj", "{21A6D901-1C18-4D2F-A074-B053ED15E79A}"
EndProject
Project("{9A19103F-16F7-4668-BE54-9A1E7A4F7556}") = "YouTube", "YouTube\YouTube.csproj", "{8B0CAD19-B6B4-44CD-B506-086F50844262}"
EndProject
Project("{FAE04EC0-301F-11D3-BF4B-00C04F79EFBC}") = "Recaptcha", "Recaptcha\Recaptcha.csproj", "{8B72FFE1-912C-41A2-A977-521A2DF38769}"
EndProject
Project("{FAE04EC0-301F-11D3-BF4B-00C04F79EFBC}") = "SendGrid", "SendGrid\SendGrid.csproj", "{EA62A6E6-F378-4F9C-A0B6-A1D39EE59500}"
EndProject
Project("{FAE04EC0-301F-11D3-BF4B-00C04F79EFBC}") = "AzureStorage", "AzureStorage\AzureStorage.csproj", "{E6E71055-1E3C-41C4-977A-DDB55CB01C91}"
EndProject
Project("{FAE04EC0-301F-11D3-BF4B-00C04F79EFBC}") = "Data", "Data\Data.csproj", "{E14254E7-E2AA-44A3-9B78-E9A44703EBD1}"
EndProject
Global
	GlobalSection(SolutionConfigurationPlatforms) = preSolution
		Debug|Any CPU = Debug|Any CPU
		Release|Any CPU = Release|Any CPU
	EndGlobalSection
	GlobalSection(ProjectConfigurationPlatforms) = postSolution
		{AB34A263-BB31-4C92-92A5-715DAEC280F8}.Debug|Any CPU.ActiveCfg = Debug|Any CPU
		{AB34A263-BB31-4C92-92A5-715DAEC280F8}.Debug|Any CPU.Build.0 = Debug|Any CPU
		{AB34A263-BB31-4C92-92A5-715DAEC280F8}.Release|Any CPU.ActiveCfg = Release|Any CPU
		{AB34A263-BB31-4C92-92A5-715DAEC280F8}.Release|Any CPU.Build.0 = Release|Any CPU
		{B6704542-27FA-4594-9F00-1D50A471BC1C}.Debug|Any CPU.ActiveCfg = Debug|Any CPU
		{B6704542-27FA-4594-9F00-1D50A471BC1C}.Debug|Any CPU.Build.0 = Debug|Any CPU
		{B6704542-27FA-4594-9F00-1D50A471BC1C}.Release|Any CPU.ActiveCfg = Release|Any CPU
		{B6704542-27FA-4594-9F00-1D50A471BC1C}.Release|Any CPU.Build.0 = Release|Any CPU
		{A0642E61-E75E-47E1-88D8-79EB58121391}.Debug|Any CPU.ActiveCfg = Debug|Any CPU
		{A0642E61-E75E-47E1-88D8-79EB58121391}.Debug|Any CPU.Build.0 = Debug|Any CPU
		{A0642E61-E75E-47E1-88D8-79EB58121391}.Release|Any CPU.ActiveCfg = Release|Any CPU
		{A0642E61-E75E-47E1-88D8-79EB58121391}.Release|Any CPU.Build.0 = Release|Any CPU
		{21A6D901-1C18-4D2F-A074-B053ED15E79A}.Debug|Any CPU.ActiveCfg = Debug|Any CPU
		{21A6D901-1C18-4D2F-A074-B053ED15E79A}.Debug|Any CPU.Build.0 = Debug|Any CPU
		{21A6D901-1C18-4D2F-A074-B053ED15E79A}.Release|Any CPU.ActiveCfg = Release|Any CPU
		{21A6D901-1C18-4D2F-A074-B053ED15E79A}.Release|Any CPU.Build.0 = Release|Any CPU
		{8B0CAD19-B6B4-44CD-B506-086F50844262}.Debug|Any CPU.ActiveCfg = Debug|Any CPU
		{8B0CAD19-B6B4-44CD-B506-086F50844262}.Debug|Any CPU.Build.0 = Debug|Any CPU
		{8B0CAD19-B6B4-44CD-B506-086F50844262}.Release|Any CPU.ActiveCfg = Release|Any CPU
		{8B0CAD19-B6B4-44CD-B506-086F50844262}.Release|Any CPU.Build.0 = Release|Any CPU
		{8B72FFE1-912C-41A2-A977-521A2DF38769}.Debug|Any CPU.ActiveCfg = Debug|Any CPU
		{8B72FFE1-912C-41A2-A977-521A2DF38769}.Debug|Any CPU.Build.0 = Debug|Any CPU
		{8B72FFE1-912C-41A2-A977-521A2DF38769}.Release|Any CPU.ActiveCfg = Release|Any CPU
		{8B72FFE1-912C-41A2-A977-521A2DF38769}.Release|Any CPU.Build.0 = Release|Any CPU
		{EA62A6E6-F378-4F9C-A0B6-A1D39EE59500}.Debug|Any CPU.ActiveCfg = Debug|Any CPU
		{EA62A6E6-F378-4F9C-A0B6-A1D39EE59500}.Debug|Any CPU.Build.0 = Debug|Any CPU
		{EA62A6E6-F378-4F9C-A0B6-A1D39EE59500}.Release|Any CPU.ActiveCfg = Release|Any CPU
		{EA62A6E6-F378-4F9C-A0B6-A1D39EE59500}.Release|Any CPU.Build.0 = Release|Any CPU
		{E6E71055-1E3C-41C4-977A-DDB55CB01C91}.Debug|Any CPU.ActiveCfg = Debug|Any CPU
		{E6E71055-1E3C-41C4-977A-DDB55CB01C91}.Debug|Any CPU.Build.0 = Debug|Any CPU
		{E6E71055-1E3C-41C4-977A-DDB55CB01C91}.Release|Any CPU.ActiveCfg = Release|Any CPU
		{E6E71055-1E3C-41C4-977A-DDB55CB01C91}.Release|Any CPU.Build.0 = Release|Any CPU
		{E14254E7-E2AA-44A3-9B78-E9A44703EBD1}.Debug|Any CPU.ActiveCfg = Debug|Any CPU
		{E14254E7-E2AA-44A3-9B78-E9A44703EBD1}.Debug|Any CPU.Build.0 = Debug|Any CPU
		{E14254E7-E2AA-44A3-9B78-E9A44703EBD1}.Release|Any CPU.ActiveCfg = Release|Any CPU
		{E14254E7-E2AA-44A3-9B78-E9A44703EBD1}.Release|Any CPU.Build.0 = Release|Any CPU
	EndGlobalSection
	GlobalSection(SolutionProperties) = preSolution
		HideSolutionNode = FALSE
	EndGlobalSection
	GlobalSection(NestedProjects) = preSolution
		{21A6D901-1C18-4D2F-A074-B053ED15E79A} = {08E2F256-D19F-4962-B97E-A1B824AE562E}
		{8B0CAD19-B6B4-44CD-B506-086F50844262} = {08E2F256-D19F-4962-B97E-A1B824AE562E}
		{8B72FFE1-912C-41A2-A977-521A2DF38769} = {08E2F256-D19F-4962-B97E-A1B824AE562E}
		{EA62A6E6-F378-4F9C-A0B6-A1D39EE59500} = {08E2F256-D19F-4962-B97E-A1B824AE562E}
		{E6E71055-1E3C-41C4-977A-DDB55CB01C91} = {08E2F256-D19F-4962-B97E-A1B824AE562E}
	EndGlobalSection
	GlobalSection(ExtensibilityGlobals) = postSolution
		SolutionGuid = {40CD3939-6887-4D27-A933-B19F79DE2CD2}
	EndGlobalSection
EndGlobal
