
Microsoft Visual Studio Solution File, Format Version 12.00
# Visual Studio 15
VisualStudioVersion = 15.0.26403.7
MinimumVisualStudioVersion = 10.0.40219.1
Project("{2150E333-8FDC-42A3-9474-1A3956D46DE8}") = "Solution Items", "Solution Items", "{A5991628-1E5C-472E-A176-68D96221BB54}"
	ProjectSection(SolutionItems) = preProject
		LICENSE = LICENSE
		README.md = README.md
	EndProjectSection
EndProject
Project("{9A19103F-16F7-4668-BE54-9A1E7A4F7556}") = "CodeKicker.BBCode", "CodeKicker.BBCode\CodeKicker.BBCode.csproj", "{1FD99D7B-EEA7-4035-A785-E1E67BF220B3}"
EndProject
Project("{9A19103F-16F7-4668-BE54-9A1E7A4F7556}") = "Forum3", "Forum3\Forum3.csproj", "{2CC9AAA4-3982-4D25-9DF3-C1B1A59F1336}"
EndProject
Global
	GlobalSection(SolutionConfigurationPlatforms) = preSolution
		Debug|Any CPU = Debug|Any CPU
		Release|Any CPU = Release|Any CPU
	EndGlobalSection
	GlobalSection(ProjectConfigurationPlatforms) = postSolution
		{1FD99D7B-EEA7-4035-A785-E1E67BF220B3}.Debug|Any CPU.ActiveCfg = Debug|Any CPU
		{1FD99D7B-EEA7-4035-A785-E1E67BF220B3}.Debug|Any CPU.Build.0 = Debug|Any CPU
		{1FD99D7B-EEA7-4035-A785-E1E67BF220B3}.Release|Any CPU.ActiveCfg = Release|Any CPU
		{1FD99D7B-EEA7-4035-A785-E1E67BF220B3}.Release|Any CPU.Build.0 = Release|Any CPU
		{2CC9AAA4-3982-4D25-9DF3-C1B1A59F1336}.Debug|Any CPU.ActiveCfg = Debug|Any CPU
		{2CC9AAA4-3982-4D25-9DF3-C1B1A59F1336}.Debug|Any CPU.Build.0 = Debug|Any CPU
		{2CC9AAA4-3982-4D25-9DF3-C1B1A59F1336}.Release|Any CPU.ActiveCfg = Release|Any CPU
		{2CC9AAA4-3982-4D25-9DF3-C1B1A59F1336}.Release|Any CPU.Build.0 = Release|Any CPU
	EndGlobalSection
	GlobalSection(SolutionProperties) = preSolution
		HideSolutionNode = FALSE
	EndGlobalSection
EndGlobal
